
Microsoft Visual Studio Solution File, Format Version 12.00
# Visual Studio Version 17
VisualStudioVersion = 17.14.36429.23 d17.14
MinimumVisualStudioVersion = 10.0.40219.1
Project("{8BC9CEB8-8B4A-11D0-8D11-00A0C91BC942}") = "AltTabPlus", "AltTabPlus.vcxproj", "{E8088153-3570-4A7C-A122-53FDFE90C61C}"
EndProject
Global
	GlobalSection(SolutionConfigurationPlatforms) = preSolution
		Debug|x64 = Debug|x64
		Debug|x86 = Debug|x86
		Release|x64 = Release|x64
		Release|x86 = Release|x86
	EndGlobalSection
	GlobalSection(ProjectConfigurationPlatforms) = postSolution
		{E8088153-3570-4A7C-A122-53FDFE90C61C}.Debug|x64.ActiveCfg = Debug|x64
		{E8088153-3570-4A7C-A122-53FDFE90C61C}.Debug|x64.Build.0 = Debug|x64
		{E8088153-3570-4A7C-A122-53FDFE90C61C}.Debug|x86.ActiveCfg = Debug|Win32
		{E8088153-3570-4A7C-A122-53FDFE90C61C}.Debug|x86.Build.0 = Debug|Win32
		{E8088153-3570-4A7C-A122-53FDFE90C61C}.Release|x64.ActiveCfg = Release|x64
		{E8088153-3570-4A7C-A122-53FDFE90C61C}.Release|x64.Build.0 = Release|x64
		{E8088153-3570-4A7C-A122-53FDFE90C61C}.Release|x86.ActiveCfg = Release|Win32
		{E8088153-3570-4A7C-A122-53FDFE90C61C}.Release|x86.Build.0 = Release|Win32
	EndGlobalSection
	GlobalSection(SolutionProperties) = preSolution
		HideSolutionNode = FALSE
	EndGlobalSection
	GlobalSection(ExtensibilityGlobals) = postSolution
		SolutionGuid = {FA38F998-C14F-406A-AE41-1355142D856A}
	EndGlobalSection
EndGlobal
